
Microsoft Visual Studio Solution File, Format Version 12.00
# Visual Studio Version 16
VisualStudioVersion = 16.0.33927.289
MinimumVisualStudioVersion = 10.0.40219.1
Project("{FAE04EC0-301F-11D3-BF4B-00C04F79EFBC}") = "Lab3", "Lab3.csproj", "{7D7805B4-8CE2-43BD-B734-6406D77AF6EC}"
EndProject
Global
	GlobalSection(SolutionConfigurationPlatforms) = preSolution
		Debug|Any CPU = Debug|Any CPU
		Release|Any CPU = Release|Any CPU
	EndGlobalSection
	GlobalSection(ProjectConfigurationPlatforms) = postSolution
		{7D7805B4-8CE2-43BD-B734-6406D77AF6EC}.Debug|Any CPU.ActiveCfg = Debug|Any CPU
		{7D7805B4-8CE2-43BD-B734-6406D77AF6EC}.Debug|Any CPU.Build.0 = Debug|Any CPU
		{7D7805B4-8CE2-43BD-B734-6406D77AF6EC}.Release|Any CPU.ActiveCfg = Release|Any CPU
		{7D7805B4-8CE2-43BD-B734-6406D77AF6EC}.Release|Any CPU.Build.0 = Release|Any CPU
	EndGlobalSection
	GlobalSection(SolutionProperties) = preSolution
		HideSolutionNode = FALSE
	EndGlobalSection
	GlobalSection(ExtensibilityGlobals) = postSolution
		SolutionGuid = {883C2131-D5A1-4C31-85E3-0E59081AE6BA}
	EndGlobalSection
EndGlobal
